
Microsoft Visual Studio Solution File, Format Version 12.00
# Visual Studio Version 17
VisualStudioVersion = 17.1.32407.343
MinimumVisualStudioVersion = 10.0.40219.1
Project("{F184B08F-C81C-45F6-A57F-5ABD9991F28F}") = "DiseñoPantallaES-TeamGit", "DiseñoPantallaES-TeamGit\DiseñoPantallaES-TeamGit.vbproj", "{A6DF1B66-804C-4D94-8291-88E8B40E6AA7}"
EndProject
Global
	GlobalSection(SolutionConfigurationPlatforms) = preSolution
		Debug|Any CPU = Debug|Any CPU
		Release|Any CPU = Release|Any CPU
	EndGlobalSection
	GlobalSection(ProjectConfigurationPlatforms) = postSolution
		{A6DF1B66-804C-4D94-8291-88E8B40E6AA7}.Debug|Any CPU.ActiveCfg = Debug|Any CPU
		{A6DF1B66-804C-4D94-8291-88E8B40E6AA7}.Debug|Any CPU.Build.0 = Debug|Any CPU
		{A6DF1B66-804C-4D94-8291-88E8B40E6AA7}.Release|Any CPU.ActiveCfg = Release|Any CPU
		{A6DF1B66-804C-4D94-8291-88E8B40E6AA7}.Release|Any CPU.Build.0 = Release|Any CPU
	EndGlobalSection
	GlobalSection(SolutionProperties) = preSolution
		HideSolutionNode = FALSE
	EndGlobalSection
	GlobalSection(ExtensibilityGlobals) = postSolution
		SolutionGuid = {E909984D-31C7-462E-88D5-C78F5D5EEF48}
	EndGlobalSection
EndGlobal
